
Microsoft Visual Studio Solution File, Format Version 12.00
# Visual Studio Version 16
VisualStudioVersion = 16.0.31624.102
MinimumVisualStudioVersion = 10.0.40219.1
Project("{00D1A9C2-B5F0-4AF3-8072-F6C62B433612}") = "Tarteeb.Auth.Database", "Tarteeb.Auth.Database\Tarteeb.Auth.Database.sqlproj", "{F6D013B7-6E51-449B-8BB2-92082BECC9E7}"
EndProject
Project("{FAE04EC0-301F-11D3-BF4B-00C04F79EFBC}") = "Tarteeb.Auth.Core", "Tarteeb.Auth.Core\Tarteeb.Auth.Core.csproj", "{1CFF6042-5A75-4E57-A70B-80CEE73C4396}"
EndProject
Global
	GlobalSection(SolutionConfigurationPlatforms) = preSolution
		Debug|Any CPU = Debug|Any CPU
		Release|Any CPU = Release|Any CPU
	EndGlobalSection
	GlobalSection(ProjectConfigurationPlatforms) = postSolution
		{F6D013B7-6E51-449B-8BB2-92082BECC9E7}.Debug|Any CPU.ActiveCfg = Debug|Any CPU
		{F6D013B7-6E51-449B-8BB2-92082BECC9E7}.Debug|Any CPU.Build.0 = Debug|Any CPU
		{F6D013B7-6E51-449B-8BB2-92082BECC9E7}.Debug|Any CPU.Deploy.0 = Debug|Any CPU
		{F6D013B7-6E51-449B-8BB2-92082BECC9E7}.Release|Any CPU.ActiveCfg = Release|Any CPU
		{F6D013B7-6E51-449B-8BB2-92082BECC9E7}.Release|Any CPU.Build.0 = Release|Any CPU
		{F6D013B7-6E51-449B-8BB2-92082BECC9E7}.Release|Any CPU.Deploy.0 = Release|Any CPU
		{1CFF6042-5A75-4E57-A70B-80CEE73C4396}.Debug|Any CPU.ActiveCfg = Debug|Any CPU
		{1CFF6042-5A75-4E57-A70B-80CEE73C4396}.Debug|Any CPU.Build.0 = Debug|Any CPU
		{1CFF6042-5A75-4E57-A70B-80CEE73C4396}.Release|Any CPU.ActiveCfg = Release|Any CPU
		{1CFF6042-5A75-4E57-A70B-80CEE73C4396}.Release|Any CPU.Build.0 = Release|Any CPU
	EndGlobalSection
	GlobalSection(SolutionProperties) = preSolution
		HideSolutionNode = FALSE
	EndGlobalSection
	GlobalSection(ExtensibilityGlobals) = postSolution
		SolutionGuid = {6C0349B1-C091-476B-BEC2-83E2B541C4AE}
	EndGlobalSection
EndGlobal
